PODS:
  - IQKeyboardManagerSwift (6.5.9)
  - lottie-ios (3.3.0)

DEPENDENCIES:
  - IQKeyboardManagerSwift
  - lottie-ios

SPEC REPOS:
  trunk:
    - IQKeyboardManagerSwift
    - lottie-ios

SPEC CHECKSUMS:
  IQKeyboardManagerSwift: 6e839c575c4aa1078d58a596e41244e77abe918f
  lottie-ios: 6ac74dcc09904798f59b18cb3075c089d76be9ae

PODFILE CHECKSUM: 2ec3f57e1f7a588b6046b0fce9a82210d1fb4f3e

COCOAPODS: 1.11.2
